// !$*UTF8*$!
{
	archiveVersion = 1;
	classes = {
	};
	objectVersion = 50;
	objects = {

/* Begin PBXBuildFile section */
		212155AA255C0CA600BBB52C /* AppDelegate.swift in Sources */ = {isa = PBXBuildFile; fileRef = 212155A9255C0CA600BBB52C /* AppDelegate.swift */; };
		212155AC255C0CA600BBB52C /* SceneDelegate.swift in Sources */ = {isa = PBXBuildFile; fileRef = 212155AB255C0CA600BBB52C /* SceneDelegate.swift */; };
		212155AE255C0CA600BBB52C /* VCitem1.swift in Sources */ = {isa = PBXBuildFile; fileRef = 212155AD255C0CA600BBB52C /* VCitem1.swift */; };
		212155B1255C0CA600BBB52C /* Main.storyboard in Resources */ = {isa = PBXBuildFile; fileRef = 212155AF255C0CA600BBB52C /* Main.storyboard */; };
		212155B3255C0CAA00BBB52C /* Assets.xcassets in Resources */ = {isa = PBXBuildFile; fileRef = 212155B2255C0CAA00BBB52C /* Assets.xcassets */; };
		212155B6255C0CAA00BBB52C /* LaunchScreen.storyboard in Resources */ = {isa = PBXBuildFile; fileRef = 212155B4255C0CAA00BBB52C /* LaunchScreen.storyboard */; };
		216202BE255D3F73003168CB /* VCitem2.swift in Sources */ = {isa = PBXBuildFile; fileRef = 216202BD255D3F73003168CB /* VCitem2.swift */; };
		216202C1255D44F6003168CB /* VCitem2changeColor.swift in Sources */ = {isa = PBXBuildFile; fileRef = 216202C0255D44F6003168CB /* VCitem2changeColor.swift */; };
		216202C6255D8D14003168CB /* VCitem3mom.swift in Sources */ = {isa = PBXBuildFile; fileRef = 216202C5255D8D14003168CB /* VCitem3mom.swift */; };
		216202CA255D8D8F003168CB /* VCitem3son.swift in Sources */ = {isa = PBXBuildFile; fileRef = 216202C9255D8D8F003168CB /* VCitem3son.swift */; };
/* End PBXBuildFile section */

/* Begin PBXFileReference section */
		212155A6255C0CA600BBB52C /* HW_7.app */ = {isa = PBXFileReference; explicitFileType = wrapper.application; includeInIndex = 0; path = HW_7.app; sourceTree = BUILT_PRODUCTS_DIR; };
		212155A9255C0CA600BBB52C /* AppDelegate.swift */ = {isa = PBXFileReference; lastKnownFileType = sourcecode.swift; path = AppDelegate.swift; sourceTree = "<group>"; };
		212155AB255C0CA600BBB52C /* SceneDelegate.swift */ = {isa = PBXFileReference; lastKnownFileType = sourcecode.swift; path = SceneDelegate.swift; sourceTree = "<group>"; };
		212155AD255C0CA600BBB52C /* VCitem1.swift */ = {isa = PBXFileReference; lastKnownFileType = sourcecode.swift; path = VCitem1.swift; sourceTree = "<group>"; };
		212155B0255C0CA600BBB52C /* Base */ = {isa = PBXFileReference; lastKnownFileType = file.storyboard; name = Base; path = Base.lproj/Main.storyboard; sourceTree = "<group>"; };
		212155B2255C0CAA00BBB52C /* Assets.xcassets */ = {isa = PBXFileReference; lastKnownFileType = folder.assetcatalog; path = Assets.xcassets; sourceTree = "<group>"; };
		212155B5255C0CAA00BBB52C /* Base */ = {isa = PBXFileReference; lastKnownFileType = file.storyboard; name = Base; path = Base.lproj/LaunchScreen.storyboard; sourceTree = "<group>"; };
		212155B7255C0CAA00BBB52C /* Info.plist */ = {isa = PBXFileReference; lastKnownFileType = text.plist.xml; path = Info.plist; sourceTree = "<group>"; };
		216202BD255D3F73003168CB /* VCitem2.swift */ = {isa = PBXFileReference; lastKnownFileType = sourcecode.swift; path = VCitem2.swift; sourceTree = "<group>"; };
		216202C0255D44F6003168CB /* VCitem2changeColor.swift */ = {isa = PBXFileReference; lastKnownFileType = sourcecode.swift; path = VCitem2changeColor.swift; sourceTree = "<group>"; };
		216202C5255D8D14003168CB /* VCitem3mom.swift */ = {isa = PBXFileReference; lastKnownFileType = sourcecode.swift; path = VCitem3mom.swift; sourceTree = "<group>"; };
		216202C9255D8D8F003168CB /* VCitem3son.swift */ = {isa = PBXFileReference; lastKnownFileType = sourcecode.swift; path = VCitem3son.swift; sourceTree = "<group>"; };
/* End PBXFileReference section */

/* Begin PBXFrameworksBuildPhase section */
		212155A3255C0CA600BBB52C /* Frameworks */ = {
			isa = PBXFrameworksBuildPhase;
			buildActionMask = 2147483647;
			files = (
			);
			runOnlyForDeploymentPostprocessing = 0;
		};
/* End PBXFrameworksBuildPhase section */

/* Begin PBXGroup section */
		2121559D255C0CA600BBB52C = {
			isa = PBXGroup;
			children = (
				212155A8255C0CA600BBB52C /* HW_7 */,
				212155A7255C0CA600BBB52C /* Products */,
			);
			sourceTree = "<group>";
		};
		212155A7255C0CA600BBB52C /* Products */ = {
			isa = PBXGroup;
			children = (
				212155A6255C0CA600BBB52C /* HW_7.app */,
			);
			name = Products;
			sourceTree = "<group>";
		};
		212155A8255C0CA600BBB52C /* HW_7 */ = {
			isa = PBXGroup;
			children = (
				212155A9255C0CA600BBB52C /* AppDelegate.swift */,
				212155AB255C0CA600BBB52C /* SceneDelegate.swift */,
				212155AD255C0CA600BBB52C /* VCitem1.swift */,
				216202BD255D3F73003168CB /* VCitem2.swift */,
				216202C0255D44F6003168CB /* VCitem2changeColor.swift */,
				216202C5255D8D14003168CB /* VCitem3mom.swift */,
				216202C9255D8D8F003168CB /* VCitem3son.swift */,
				212155AF255C0CA600BBB52C /* Main.storyboard */,
				212155B2255C0CAA00BBB52C /* Assets.xcassets */,
				212155B4255C0CAA00BBB52C /* LaunchScreen.storyboard */,
				212155B7255C0CAA00BBB52C /* Info.plist */,
			);
			path = HW_7;
			sourceTree = "<group>";
		};
/* End PBXGroup section */

/* Begin PBXNativeTarget section */
		212155A5255C0CA600BBB52C /* HW_7 */ = {
			isa = PBXNativeTarget;
			buildConfigurationList = 212155BA255C0CAA00BBB52C /* Build configuration list for PBXNativeTarget "HW_7" */;
			buildPhases = (
				212155A2255C0CA600BBB52C /* Sources */,
				212155A3255C0CA600BBB52C /* Frameworks */,
				212155A4255C0CA600BBB52C /* Resources */,
			);
			buildRules = (
			);
			dependencies = (
			);
			name = HW_7;
			productName = HW_7;
			productReference = 212155A6255C0CA600BBB52C /* HW_7.app */;
			productType = "com.apple.product-type.application";
		};
/* End PBXNativeTarget section */

/* Begin PBXProject section */
		2121559E255C0CA600BBB52C /* Project object */ = {
			isa = PBXProject;
			attributes = {
				LastSwiftUpdateCheck = 1210;
				LastUpgradeCheck = 1210;
				TargetAttributes = {
					212155A5255C0CA600BBB52C = {
						CreatedOnToolsVersion = 12.1;
					};
				};
			};
			buildConfigurationList = 212155A1255C0CA600BBB52C /* Build configuration list for PBXProject "HW_7" */;
			compatibilityVersion = "Xcode 9.3";
			developmentRegion = en;
			hasScannedForEncodings = 0;
			knownRegions = (
				en,
				Base,
			);
			mainGroup = 2121559D255C0CA600BBB52C;
			productRefGroup = 212155A7255C0CA600BBB52C /* Products */;
			projectDirPath = "";
			projectRoot = "";
			targets = (
				212155A5255C0CA600BBB52C /* HW_7 */,
			);
		};
/* End PBXProject section */

/* Begin PBXResourcesBuildPhase section */
		212155A4255C0CA600BBB52C /* Resources */ = {
			isa = PBXResourcesBuildPhase;
			buildActionMask = 2147483647;
			files = (
				212155B6255C0CAA00BBB52C /* LaunchScreen.storyboard in Resources */,
				212155B3255C0CAA00BBB52C /* Assets.xcassets in Resources */,
				212155B1255C0CA600BBB52C /* Main.storyboard in Resources */,
			);
			runOnlyForDeploymentPostprocessing = 0;
		};
/* End PBXResourcesBuildPhase section */

/* Begin PBXSourcesBuildPhase section */
		212155A2255C0CA600BBB52C /* Sources */ = {
			isa = PBXSourcesBuildPhase;
			buildActionMask = 2147483647;
			files = (
				216202CA255D8D8F003168CB /* VCitem3son.swift in Sources */,
				216202C1255D44F6003168CB /* VCitem2changeColor.swift in Sources */,
				212155AE255C0CA600BBB52C /* VCitem1.swift in Sources */,
				212155AA255C0CA600BBB52C /* AppDelegate.swift in Sources */,
				216202BE255D3F73003168CB /* VCitem2.swift in Sources */,
				212155AC255C0CA600BBB52C /* SceneDelegate.swift in Sources */,
				216202C6255D8D14003168CB /* VCitem3mom.swift in Sources */,
			);
			runOnlyForDeploymentPostprocessing = 0;
		};
/* End PBXSourcesBuildPhase section */

/* Begin PBXVariantGroup section */
		212155AF255C0CA600BBB52C /* Main.storyboard */ = {
			isa = PBXVariantGroup;
			children = (
				212155B0255C0CA600BBB52C /* Base */,
			);
			name = Main.storyboard;
			sourceTree = "<group>";
		};
		212155B4255C0CAA00BBB52C /* LaunchScreen.storyboard */ = {
			isa = PBXVariantGroup;
			children = (
				212155B5255C0CAA00BBB52C /* Base */,
			);
			name = LaunchScreen.storyboard;
			sourceTree = "<group>";
		};
/* End PBXVariantGroup section */

/* Begin XCBuildConfiguration section */
		212155B8255C0CAA00BBB52C /* Debug */ = {
			isa = XCBuildConfiguration;
			buildSettings = {
				ALWAYS_SEARCH_USER_PATHS = NO;
				CLANG_ANALYZER_NONNULL = YES;
				CLANG_ANALYZER_NUMBER_OBJECT_CONVERSION = YES_AGGRESSIVE;
				CLANG_CXX_LANGUAGE_STANDARD = "gnu++14";
				CLANG_CXX_LIBRARY = "libc++";
				CLANG_ENABLE_MODULES = YES;
				CLANG_ENABLE_OBJC_ARC = YES;
				CLANG_ENABLE_OBJC_WEAK = YES;
				CLANG_WARN_BLOCK_CAPTURE_AUTORELEASING = YES;
				CLANG_WARN_BOOL_CONVERSION = YES;
				CLANG_WARN_COMMA = YES;
				CLANG_WARN_CONSTANT_CONVERSION = YES;
				CLANG_WARN_DEPRECATED_OBJC_IMPLEMENTATIONS = YES;
				CLANG_WARN_DIRECT_OBJC_ISA_USAGE = YES_ERROR;
				CLANG_WARN_DOCUMENTATION_COMMENTS = YES;
				CLANG_WARN_EMPTY_BODY = YES;
				CLANG_WARN_ENUM_CONVERSION = YES;
				CLANG_WARN_INFINITE_RECURSION = YES;
				CLANG_WARN_INT_CONVERSION = YES;
				CLANG_WARN_NON_LITERAL_NULL_CONVERSION = YES;
				CLANG_WARN_OBJC_IMPLICIT_RETAIN_SELF = YES;
				CLANG_WARN_OBJC_LITERAL_CONVERSION = YES;
				CLANG_WARN_OBJC_ROOT_CLASS = YES_ERROR;
				CLANG_WARN_QUOTED_INCLUDE_IN_FRAMEWORK_HEADER = YES;
				CLANG_WARN_RANGE_LOOP_ANALYSIS = YES;
				CLANG_WARN_STRICT_PROTOTYPES = YES;
				CLANG_WARN_SUSPICIOUS_MOVE = YES;
				CLANG_WARN_UNGUARDED_AVAILABILITY = YES_AGGRESSIVE;
				CLANG_WARN_UNREACHABLE_CODE = YES;
				CLANG_WARN__DUPLICATE_METHOD_MATCH = YES;
				COPY_PHASE_STRIP = NO;
				DEBUG_INFORMATION_FORMAT = dwarf;
				ENABLE_STRICT_OBJC_MSGSEND = YES;
				ENABLE_TESTABILITY = YES;
				GCC_C_LANGUAGE_STANDARD = gnu11;
				GCC_DYNAMIC_NO_PIC = NO;
				GCC_NO_COMMON_BLOCKS = YES;
				GCC_OPTIMIZATION_LEVEL = 0;
				GCC_PREPROCESSOR_DEFINITIONS = (
					"DEBUG=1",
					"$(inherited)",
				);
				GCC_WARN_64_TO_32_BIT_CONVERSION = YES;
				GCC_WARN_ABOUT_RETURN_TYPE = YES_ERROR;
				GCC_WARN_UNDECLARED_SELECTOR = YES;
				GCC_WARN_UNINITIALIZED_AUTOS = YES_AGGRESSIVE;
				GCC_WARN_UNUSED_FUNCTION = YES;
				GCC_WARN_UNUSED_VARIABLE = YES;
				IPHONEOS_DEPLOYMENT_TARGET = 14.1;
				MTL_ENABLE_DEBUG_INFO = INCLUDE_SOURCE;
				MTL_FAST_MATH = YES;
				ONLY_ACTIVE_ARCH = YES;
				SDKROOT = iphoneos;
				SWIFT_ACTIVE_COMPILATION_CONDITIONS = DEBUG;
				SWIFT_OPTIMIZATION_LEVEL = "-Onone";
			};
			name = Debug;
		};
		212155B9255C0CAA00BBB52C /* Release */ = {
			isa = XCBuildConfiguration;
			buildSettings = {
				ALWAYS_SEARCH_USER_PATHS = NO;
				CLANG_ANALYZER_NONNULL = YES;
				CLANG_ANALYZER_NUMBER_OBJECT_CONVERSION = YES_AGGRESSIVE;
				CLANG_CXX_LANGUAGE_STANDARD = "gnu++14";
				CLANG_CXX_LIBRARY = "libc++";
				CLANG_ENABLE_MODULES = YES;
				CLANG_ENABLE_OBJC_ARC = YES;
				CLANG_ENABLE_OBJC_WEAK = YES;
				CLANG_WARN_BLOCK_CAPTURE_AUTORELEASING = YES;
				CLANG_WARN_BOOL_CONVERSION = YES;
				CLANG_WARN_COMMA = YES;
				CLANG_WARN_CONSTANT_CONVERSION = YES;
				CLANG_WARN_DEPRECATED_OBJC_IMPLEMENTATIONS = YES;
				CLANG_WARN_DIRECT_OBJC_ISA_USAGE = YES_ERROR;
				CLANG_WARN_DOCUMENTATION_COMMENTS = YES;
				CLANG_WARN_EMPTY_BODY = YES;
				CLANG_WARN_ENUM_CONVERSION = YES;
				CLANG_WARN_INFINITE_RECURSION = YES;
				CLANG_WARN_INT_CONVERSION = YES;
				CLANG_WARN_NON_LITERAL_NULL_CONVERSION = YES;
				CLANG_WARN_OBJC_IMPLICIT_RETAIN_SELF = YES;
				CLANG_WARN_OBJC_LITERAL_CONVERSION = YES;
				CLANG_WARN_OBJC_ROOT_CLASS = YES_ERROR;
				CLANG_WARN_QUOTED_INCLUDE_IN_FRAMEWORK_HEADER = YES;
				CLANG_WARN_RANGE_LOOP_ANALYSIS = YES;
				CLANG_WARN_STRICT_PROTOTYPES = YES;
				CLANG_WARN_SUSPICIOUS_MOVE = YES;
				CLANG_WARN_UNGUARDED_AVAILABILITY = YES_AGGRESSIVE;
				CLANG_WARN_UNREACHABLE_CODE = YES;
				CLANG_WARN__DUPLICATE_METHOD_MATCH = YES;
				COPY_PHASE_STRIP = NO;
				DEBUG_INFORMATION_FORMAT = "dwarf-with-dsym";
				ENABLE_NS_ASSERTIONS = NO;
				ENABLE_STRICT_OBJC_MSGSEND = YES;
				GCC_C_LANGUAGE_STANDARD = gnu11;
				GCC_NO_COMMON_BLOCKS = YES;
				GCC_WARN_64_TO_32_BIT_CONVERSION = YES;
				GCC_WARN_ABOUT_RETURN_TYPE = YES_ERROR;
				GCC_WARN_UNDECLARED_SELECTOR = YES;
				GCC_WARN_UNINITIALIZED_AUTOS = YES_AGGRESSIVE;
				GCC_WARN_UNUSED_FUNCTION = YES;
				GCC_WARN_UNUSED_VARIABLE = YES;
				IPHONEOS_DEPLOYMENT_TARGET = 14.1;
				MTL_ENABLE_DEBUG_INFO = NO;
				MTL_FAST_MATH = YES;
				SDKROOT = iphoneos;
				SWIFT_COMPILATION_MODE = wholemodule;
				SWIFT_OPTIMIZATION_LEVEL = "-O";
				VALIDATE_PRODUCT = YES;
			};
			name = Release;
		};
		212155BB255C0CAA00BBB52C /* Debug */ = {
			isa = XCBuildConfiguration;
			buildSettings = {
				ASSETCATALOG_COMPILER_APPICON_NAME = AppIcon;
				ASSETCATALOG_COMPILER_GLOBAL_ACCENT_COLOR_NAME = AccentColor;
				CODE_SIGN_STYLE = Automatic;
				DEVELOPMENT_TEAM = P6CDZ5KF89;
				INFOPLIST_FILE = HW_7/Info.plist;
				LD_RUNPATH_SEARCH_PATHS = (
					"$(inherited)",
					"@executable_path/Frameworks",
				);
				PRODUCT_BUNDLE_IDENTIFIER = "NovikovaOlga.HW-7";
				PRODUCT_NAME = "$(TARGET_NAME)";
				SWIFT_VERSION = 5.0;
				TARGETED_DEVICE_FAMILY = "1,2";
			};
			name = Debug;
		};
		212155BC255C0CAA00BBB52C /* Release */ = {
			isa = XCBuildConfiguration;
			buildSettings = {
				ASSETCATALOG_COMPILER_APPICON_NAME = AppIcon;
				ASSETCATALOG_COMPILER_GLOBAL_ACCENT_COLOR_NAME = AccentColor;
				CODE_SIGN_STYLE = Automatic;
				DEVELOPMENT_TEAM = P6CDZ5KF89;
				INFOPLIST_FILE = HW_7/Info.plist;
				LD_RUNPATH_SEARCH_PATHS = (
					"$(inherited)",
					"@executable_path/Frameworks",
				);
				PRODUCT_BUNDLE_IDENTIFIER = "NovikovaOlga.HW-7";
				PRODUCT_NAME = "$(TARGET_NAME)";
				SWIFT_VERSION = 5.0;
				TARGETED_DEVICE_FAMILY = "1,2";
			};
			name = Release;
		};
/* End XCBuildConfiguration section */

/* Begin XCConfigurationList section */
		212155A1255C0CA600BBB52C /* Build configuration list for PBXProject "HW_7" */ = {
			isa = XCConfigurationList;
			buildConfigurations = (
				212155B8255C0CAA00BBB52C /* Debug */,
				212155B9255C0CAA00BBB52C /* Release */,
			);
			defaultConfigurationIsVisible = 0;
			defaultConfigurationName = Release;
		};
		212155BA255C0CAA00BBB52C /* Build configuration list for PBXNativeTarget "HW_7" */ = {
			isa = XCConfigurationList;
			buildConfigurations = (
				212155BB255C0CAA00BBB52C /* Debug */,
				212155BC255C0CAA00BBB52C /* Release */,
			);
			defaultConfigurationIsVisible = 0;
			defaultConfigurationName = Release;
		};
/* End XCConfigurationList section */
	};
	rootObject = 2121559E255C0CA600BBB52C /* Project object */;
}
